
Microsoft Visual Studio Solution File, Format Version 12.00
# Visual Studio Version 17
VisualStudioVersion = 17.0.31903.59
MinimumVisualStudioVersion = 10.0.40219.1
Project("{2150E333-8FDC-42A3-9474-1A3956D46DE8}") = "src", "src", "{827E0CD3-B72D-47B6-A68D-7590B98EB39B}"
EndProject
Project("{FAE04EC0-301F-11D3-BF4B-00C04F79EFBC}") = "ReadingQueue.Domain", "src\ReadingQueue.Domain\ReadingQueue.Domain.csproj", "{89E92D4A-CBD0-4FCD-AAEE-0507061F07D3}"
EndProject
Project("{FAE04EC0-301F-11D3-BF4B-00C04F79EFBC}") = "ReadingQueue.Application", "src\ReadingQueue.Application\ReadingQueue.Application.csproj", "{FD6B99BD-FF37-40F3-A04E-BF6345D297DE}"
EndProject
Project("{FAE04EC0-301F-11D3-BF4B-00C04F79EFBC}") = "ReadingQueue.Infrastructure", "src\ReadingQueue.Infrastructure\ReadingQueue.Infrastructure.csproj", "{1A0F9BCC-7931-42B6-A8E3-713260C209F1}"
EndProject
Project("{FAE04EC0-301F-11D3-BF4B-00C04F79EFBC}") = "ReadingQueue.Api", "src\ReadingQueue.Api\ReadingQueue.Api.csproj", "{B95C4217-D93F-4B3D-BE8B-044DD6429A78}"
EndProject
Project("{2150E333-8FDC-42A3-9474-1A3956D46DE8}") = "tests", "tests", "{0AB3BF05-4346-4AA6-1389-037BE0695223}"
EndProject
Project("{FAE04EC0-301F-11D3-BF4B-00C04F79EFBC}") = "ReadingQueue.Domain.Tests", "tests\ReadingQueue.Domain.Tests\ReadingQueue.Domain.Tests.csproj", "{BF7F98D1-9D91-439B-9A86-A9AB0B903085}"
EndProject
Project("{FAE04EC0-301F-11D3-BF4B-00C04F79EFBC}") = "ReadingQueue.Application.Tests", "tests\ReadingQueue.Application.Tests\ReadingQueue.Application.Tests.csproj", "{BD4E6015-7F73-4CB9-AC58-264A138F69CC}"
EndProject
Project("{FAE04EC0-301F-11D3-BF4B-00C04F79EFBC}") = "ReadingQueue.Infrastructure.Tests", "tests\ReadingQueue.Infrastructure.Tests\ReadingQueue.Infrastructure.Tests.csproj", "{DB72FAFF-E6AB-4C2B-B73C-8092397463F2}"
EndProject
Project("{FAE04EC0-301F-11D3-BF4B-00C04F79EFBC}") = "ReadingQueue.Api.Tests", "tests\ReadingQueue.Api.Tests\ReadingQueue.Api.Tests.csproj", "{19FF2263-9A45-46D3-8509-D9914489ED01}"
EndProject
Global
	GlobalSection(SolutionConfigurationPlatforms) = preSolution
		Debug|Any CPU = Debug|Any CPU
		Debug|x64 = Debug|x64
		Debug|x86 = Debug|x86
		Release|Any CPU = Release|Any CPU
		Release|x64 = Release|x64
		Release|x86 = Release|x86
	EndGlobalSection
	GlobalSection(ProjectConfigurationPlatforms) = postSolution
		{89E92D4A-CBD0-4FCD-AAEE-0507061F07D3}.Debug|Any CPU.ActiveCfg = Debug|Any CPU
		{89E92D4A-CBD0-4FCD-AAEE-0507061F07D3}.Debug|Any CPU.Build.0 = Debug|Any CPU
		{89E92D4A-CBD0-4FCD-AAEE-0507061F07D3}.Debug|x64.ActiveCfg = Debug|Any CPU
		{89E92D4A-CBD0-4FCD-AAEE-0507061F07D3}.Debug|x64.Build.0 = Debug|Any CPU
		{89E92D4A-CBD0-4FCD-AAEE-0507061F07D3}.Debug|x86.ActiveCfg = Debug|Any CPU
		{89E92D4A-CBD0-4FCD-AAEE-0507061F07D3}.Debug|x86.Build.0 = Debug|Any CPU
		{89E92D4A-CBD0-4FCD-AAEE-0507061F07D3}.Release|Any CPU.ActiveCfg = Release|Any CPU
		{89E92D4A-CBD0-4FCD-AAEE-0507061F07D3}.Release|Any CPU.Build.0 = Release|Any CPU
		{89E92D4A-CBD0-4FCD-AAEE-0507061F07D3}.Release|x64.ActiveCfg = Release|Any CPU
		{89E92D4A-CBD0-4FCD-AAEE-0507061F07D3}.Release|x64.Build.0 = Release|Any CPU
		{89E92D4A-CBD0-4FCD-AAEE-0507061F07D3}.Release|x86.ActiveCfg = Release|Any CPU
		{89E92D4A-CBD0-4FCD-AAEE-0507061F07D3}.Release|x86.Build.0 = Release|Any CPU
		{FD6B99BD-FF37-40F3-A04E-BF6345D297DE}.Debug|Any CPU.ActiveCfg = Debug|Any CPU
		{FD6B99BD-FF37-40F3-A04E-BF6345D297DE}.Debug|Any CPU.Build.0 = Debug|Any CPU
		{FD6B99BD-FF37-40F3-A04E-BF6345D297DE}.Debug|x64.ActiveCfg = Debug|Any CPU
		{FD6B99BD-FF37-40F3-A04E-BF6345D297DE}.Debug|x64.Build.0 = Debug|Any CPU
		{FD6B99BD-FF37-40F3-A04E-BF6345D297DE}.Debug|x86.ActiveCfg = Debug|Any CPU
		{FD6B99BD-FF37-40F3-A04E-BF6345D297DE}.Debug|x86.Build.0 = Debug|Any CPU
		{FD6B99BD-FF37-40F3-A04E-BF6345D297DE}.Release|Any CPU.ActiveCfg = Release|Any CPU
		{FD6B99BD-FF37-40F3-A04E-BF6345D297DE}.Release|Any CPU.Build.0 = Release|Any CPU
		{FD6B99BD-FF37-40F3-A04E-BF6345D297DE}.Release|x64.ActiveCfg = Release|Any CPU
		{FD6B99BD-FF37-40F3-A04E-BF6345D297DE}.Release|x64.Build.0 = Release|Any CPU
		{FD6B99BD-FF37-40F3-A04E-BF6345D297DE}.Release|x86.ActiveCfg = Release|Any CPU
		{FD6B99BD-FF37-40F3-A04E-BF6345D297DE}.Release|x86.Build.0 = Release|Any CPU
		{1A0F9BCC-7931-42B6-A8E3-713260C209F1}.Debug|Any CPU.ActiveCfg = Debug|Any CPU
		{1A0F9BCC-7931-42B6-A8E3-713260C209F1}.Debug|Any CPU.Build.0 = Debug|Any CPU
		{1A0F9BCC-7931-42B6-A8E3-713260C209F1}.Debug|x64.ActiveCfg = Debug|Any CPU
		{1A0F9BCC-7931-42B6-A8E3-713260C209F1}.Debug|x64.Build.0 = Debug|Any CPU
		{1A0F9BCC-7931-42B6-A8E3-713260C209F1}.Debug|x86.ActiveCfg = Debug|Any CPU
		{1A0F9BCC-7931-42B6-A8E3-713260C209F1}.Debug|x86.Build.0 = Debug|Any CPU
		{1A0F9BCC-7931-42B6-A8E3-713260C209F1}.Release|Any CPU.ActiveCfg = Release|Any CPU
		{1A0F9BCC-7931-42B6-A8E3-713260C209F1}.Release|Any CPU.Build.0 = Release|Any CPU
		{1A0F9BCC-7931-42B6-A8E3-713260C209F1}.Release|x64.ActiveCfg = Release|Any CPU
		{1A0F9BCC-7931-42B6-A8E3-713260C209F1}.Release|x64.Build.0 = Release|Any CPU
		{1A0F9BCC-7931-42B6-A8E3-713260C209F1}.Release|x86.ActiveCfg = Release|Any CPU
		{1A0F9BCC-7931-42B6-A8E3-713260C209F1}.Release|x86.Build.0 = Release|Any CPU
		{B95C4217-D93F-4B3D-BE8B-044DD6429A78}.Debug|Any CPU.ActiveCfg = Debug|Any CPU
		{B95C4217-D93F-4B3D-BE8B-044DD6429A78}.Debug|Any CPU.Build.0 = Debug|Any CPU
		{B95C4217-D93F-4B3D-BE8B-044DD6429A78}.Debug|x64.ActiveCfg = Debug|Any CPU
		{B95C4217-D93F-4B3D-BE8B-044DD6429A78}.Debug|x64.Build.0 = Debug|Any CPU
		{B95C4217-D93F-4B3D-BE8B-044DD6429A78}.Debug|x86.ActiveCfg = Debug|Any CPU
		{B95C4217-D93F-4B3D-BE8B-044DD6429A78}.Debug|x86.Build.0 = Debug|Any CPU
		{B95C4217-D93F-4B3D-BE8B-044DD6429A78}.Release|Any CPU.ActiveCfg = Release|Any CPU
		{B95C4217-D93F-4B3D-BE8B-044DD6429A78}.Release|Any CPU.Build.0 = Release|Any CPU
		{B95C4217-D93F-4B3D-BE8B-044DD6429A78}.Release|x64.ActiveCfg = Release|Any CPU
		{B95C4217-D93F-4B3D-BE8B-044DD6429A78}.Release|x64.Build.0 = Release|Any CPU
		{B95C4217-D93F-4B3D-BE8B-044DD6429A78}.Release|x86.ActiveCfg = Release|Any CPU
		{B95C4217-D93F-4B3D-BE8B-044DD6429A78}.Release|x86.Build.0 = Release|Any CPU
		{BF7F98D1-9D91-439B-9A86-A9AB0B903085}.Debug|Any CPU.ActiveCfg = Debug|Any CPU
		{BF7F98D1-9D91-439B-9A86-A9AB0B903085}.Debug|Any CPU.Build.0 = Debug|Any CPU
		{BF7F98D1-9D91-439B-9A86-A9AB0B903085}.Debug|x64.ActiveCfg = Debug|Any CPU
		{BF7F98D1-9D91-439B-9A86-A9AB0B903085}.Debug|x64.Build.0 = Debug|Any CPU
		{BF7F98D1-9D91-439B-9A86-A9AB0B903085}.Debug|x86.ActiveCfg = Debug|Any CPU
		{BF7F98D1-9D91-439B-9A86-A9AB0B903085}.Debug|x86.Build.0 = Debug|Any CPU
		{BF7F98D1-9D91-439B-9A86-A9AB0B903085}.Release|Any CPU.ActiveCfg = Release|Any CPU
		{BF7F98D1-9D91-439B-9A86-A9AB0B903085}.Release|Any CPU.Build.0 = Release|Any CPU
		{BF7F98D1-9D91-439B-9A86-A9AB0B903085}.Release|x64.ActiveCfg = Release|Any CPU
		{BF7F98D1-9D91-439B-9A86-A9AB0B903085}.Release|x64.Build.0 = Release|Any CPU
		{BF7F98D1-9D91-439B-9A86-A9AB0B903085}.Release|x86.ActiveCfg = Release|Any CPU
		{BF7F98D1-9D91-439B-9A86-A9AB0B903085}.Release|x86.Build.0 = Release|Any CPU
		{BD4E6015-7F73-4CB9-AC58-264A138F69CC}.Debug|Any CPU.ActiveCfg = Debug|Any CPU
		{BD4E6015-7F73-4CB9-AC58-264A138F69CC}.Debug|Any CPU.Build.0 = Debug|Any CPU
		{BD4E6015-7F73-4CB9-AC58-264A138F69CC}.Debug|x64.ActiveCfg = Debug|Any CPU
		{BD4E6015-7F73-4CB9-AC58-264A138F69CC}.Debug|x64.Build.0 = Debug|Any CPU
		{BD4E6015-7F73-4CB9-AC58-264A138F69CC}.Debug|x86.ActiveCfg = Debug|Any CPU
		{BD4E6015-7F73-4CB9-AC58-264A138F69CC}.Debug|x86.Build.0 = Debug|Any CPU
		{BD4E6015-7F73-4CB9-AC58-264A138F69CC}.Release|Any CPU.ActiveCfg = Release|Any CPU
		{BD4E6015-7F73-4CB9-AC58-264A138F69CC}.Release|Any CPU.Build.0 = Release|Any CPU
		{BD4E6015-7F73-4CB9-AC58-264A138F69CC}.Release|x64.ActiveCfg = Release|Any CPU
		{BD4E6015-7F73-4CB9-AC58-264A138F69CC}.Release|x64.Build.0 = Release|Any CPU
		{BD4E6015-7F73-4CB9-AC58-264A138F69CC}.Release|x86.ActiveCfg = Release|Any CPU
		{BD4E6015-7F73-4CB9-AC58-264A138F69CC}.Release|x86.Build.0 = Release|Any CPU
		{DB72FAFF-E6AB-4C2B-B73C-8092397463F2}.Debug|Any CPU.ActiveCfg = Debug|Any CPU
		{DB72FAFF-E6AB-4C2B-B73C-8092397463F2}.Debug|Any CPU.Build.0 = Debug|Any CPU
		{DB72FAFF-E6AB-4C2B-B73C-8092397463F2}.Debug|x64.ActiveCfg = Debug|Any CPU
		{DB72FAFF-E6AB-4C2B-B73C-8092397463F2}.Debug|x64.Build.0 = Debug|Any CPU
		{DB72FAFF-E6AB-4C2B-B73C-8092397463F2}.Debug|x86.ActiveCfg = Debug|Any CPU
		{DB72FAFF-E6AB-4C2B-B73C-8092397463F2}.Debug|x86.Build.0 = Debug|Any CPU
		{DB72FAFF-E6AB-4C2B-B73C-8092397463F2}.Release|Any CPU.ActiveCfg = Release|Any CPU
		{DB72FAFF-E6AB-4C2B-B73C-8092397463F2}.Release|Any CPU.Build.0 = Release|Any CPU
		{DB72FAFF-E6AB-4C2B-B73C-8092397463F2}.Release|x64.ActiveCfg = Release|Any CPU
		{DB72FAFF-E6AB-4C2B-B73C-8092397463F2}.Release|x64.Build.0 = Release|Any CPU
		{DB72FAFF-E6AB-4C2B-B73C-8092397463F2}.Release|x86.ActiveCfg = Release|Any CPU
		{DB72FAFF-E6AB-4C2B-B73C-8092397463F2}.Release|x86.Build.0 = Release|Any CPU
		{19FF2263-9A45-46D3-8509-D9914489ED01}.Debug|Any CPU.ActiveCfg = Debug|Any CPU
		{19FF2263-9A45-46D3-8509-D9914489ED01}.Debug|Any CPU.Build.0 = Debug|Any CPU
		{19FF2263-9A45-46D3-8509-D9914489ED01}.Debug|x64.ActiveCfg = Debug|Any CPU
		{19FF2263-9A45-46D3-8509-D9914489ED01}.Debug|x64.Build.0 = Debug|Any CPU
		{19FF2263-9A45-46D3-8509-D9914489ED01}.Debug|x86.ActiveCfg = Debug|Any CPU
		{19FF2263-9A45-46D3-8509-D9914489ED01}.Debug|x86.Build.0 = Debug|Any CPU
		{19FF2263-9A45-46D3-8509-D9914489ED01}.Release|Any CPU.ActiveCfg = Release|Any CPU
		{19FF2263-9A45-46D3-8509-D9914489ED01}.Release|Any CPU.Build.0 = Release|Any CPU
		{19FF2263-9A45-46D3-8509-D9914489ED01}.Release|x64.ActiveCfg = Release|Any CPU
		{19FF2263-9A45-46D3-8509-D9914489ED01}.Release|x64.Build.0 = Release|Any CPU
		{19FF2263-9A45-46D3-8509-D9914489ED01}.Release|x86.ActiveCfg = Release|Any CPU
		{19FF2263-9A45-46D3-8509-D9914489ED01}.Release|x86.Build.0 = Release|Any CPU
	EndGlobalSection
	GlobalSection(SolutionProperties) = preSolution
		HideSolutionNode = FALSE
	EndGlobalSection
	GlobalSection(NestedProjects) = preSolution
		{89E92D4A-CBD0-4FCD-AAEE-0507061F07D3} = {827E0CD3-B72D-47B6-A68D-7590B98EB39B}
		{FD6B99BD-FF37-40F3-A04E-BF6345D297DE} = {827E0CD3-B72D-47B6-A68D-7590B98EB39B}
		{1A0F9BCC-7931-42B6-A8E3-713260C209F1} = {827E0CD3-B72D-47B6-A68D-7590B98EB39B}
		{B95C4217-D93F-4B3D-BE8B-044DD6429A78} = {827E0CD3-B72D-47B6-A68D-7590B98EB39B}
		{BF7F98D1-9D91-439B-9A86-A9AB0B903085} = {0AB3BF05-4346-4AA6-1389-037BE0695223}
		{BD4E6015-7F73-4CB9-AC58-264A138F69CC} = {0AB3BF05-4346-4AA6-1389-037BE0695223}
		{DB72FAFF-E6AB-4C2B-B73C-8092397463F2} = {0AB3BF05-4346-4AA6-1389-037BE0695223}
		{19FF2263-9A45-46D3-8509-D9914489ED01} = {0AB3BF05-4346-4AA6-1389-037BE0695223}
	EndGlobalSection
EndGlobal
